// !$*UTF8*$!
{
	archiveVersion = 1;
	classes = {
	};
	objectVersion = 56;
	objects = {

/* Begin PBXBuildFile section */
		980FF2B72BEF8229004722FC /* AppDelegate.swift in Sources */ = {isa = PBXBuildFile; fileRef = 980FF2B62BEF8229004722FC /* AppDelegate.swift */; };
		980FF2B92BEF8229004722FC /* SceneDelegate.swift in Sources */ = {isa = PBXBuildFile; fileRef = 980FF2B82BEF8229004722FC /* SceneDelegate.swift */; };
		980FF2BB2BEF8229004722FC /* ViewController.swift in Sources */ = {isa = PBXBuildFile; fileRef = 980FF2BA2BEF8229004722FC /* ViewController.swift */; };
		980FF2BE2BEF8229004722FC /* Main.storyboard in Resources */ = {isa = PBXBuildFile; fileRef = 980FF2BC2BEF8229004722FC /* Main.storyboard */; };
		980FF2C02BEF822C004722FC /* Assets.xcassets in Resources */ = {isa = PBXBuildFile; fileRef = 980FF2BF2BEF822C004722FC /* Assets.xcassets */; };
		980FF2C32BEF822C004722FC /* LaunchScreen.storyboard in Resources */ = {isa = PBXBuildFile; fileRef = 980FF2C12BEF822C004722FC /* LaunchScreen.storyboard */; };
		98ABBD9B2BFD044300F11D46 /* ViewController2.swift in Sources */ = {isa = PBXBuildFile; fileRef = 98ABBD9A2BFD044300F11D46 /* ViewController2.swift */; };
		98DC49852BF293A200F90B0F /* EstimoteUWB.xcframework in Frameworks */ = {isa = PBXBuildFile; fileRef = 98011A9E2BF10165006C83B1 /* EstimoteUWB.xcframework */; };
		98DC49862BF293A200F90B0F /* EstimoteUWB.xcframework in Embed Frameworks */ = {isa = PBXBuildFile; fileRef = 98011A9E2BF10165006C83B1 /* EstimoteUWB.xcframework */; settings = {ATTRIBUTES = (CodeSignOnCopy, RemoveHeadersOnCopy, ); }; };
/* End PBXBuildFile section */

/* Begin PBXCopyFilesBuildPhase section */
		98011A962BF100B1006C83B1 /* Embed Frameworks */ = {
			isa = PBXCopyFilesBuildPhase;
			buildActionMask = 2147483647;
			dstPath = "";
			dstSubfolderSpec = 10;
			files = (
				98DC49862BF293A200F90B0F /* EstimoteUWB.xcframework in Embed Frameworks */,
			);
			name = "Embed Frameworks";
			runOnlyForDeploymentPostprocessing = 0;
		};
/* End PBXCopyFilesBuildPhase section */

/* Begin PBXFileReference section */
		98011A9E2BF10165006C83B1 /* EstimoteUWB.xcframework */ = {isa = PBXFileReference; lastKnownFileType = wrapper.xcframework; path = EstimoteUWB.xcframework; sourceTree = "<group>"; };
		980FF2B32BEF8229004722FC /* BeaconBox.app */ = {isa = PBXFileReference; explicitFileType = wrapper.application; includeInIndex = 0; path = BeaconBox.app; sourceTree = BUILT_PRODUCTS_DIR; };
		980FF2B62BEF8229004722FC /* AppDelegate.swift */ = {isa = PBXFileReference; lastKnownFileType = sourcecode.swift; path = AppDelegate.swift; sourceTree = "<group>"; };
		980FF2B82BEF8229004722FC /* SceneDelegate.swift */ = {isa = PBXFileReference; lastKnownFileType = sourcecode.swift; path = SceneDelegate.swift; sourceTree = "<group>"; };
		980FF2BA2BEF8229004722FC /* ViewController.swift */ = {isa = PBXFileReference; lastKnownFileType = sourcecode.swift; path = ViewController.swift; sourceTree = "<group>"; };
		980FF2BD2BEF8229004722FC /* Base */ = {isa = PBXFileReference; lastKnownFileType = file.storyboard; name = Base; path = Base.lproj/Main.storyboard; sourceTree = "<group>"; };
		980FF2BF2BEF822C004722FC /* Assets.xcassets */ = {isa = PBXFileReference; lastKnownFileType = folder.assetcatalog; path = Assets.xcassets; sourceTree = "<group>"; };
		980FF2C22BEF822C004722FC /* Base */ = {isa = PBXFileReference; lastKnownFileType = file.storyboard; name = Base; path = Base.lproj/LaunchScreen.storyboard; sourceTree = "<group>"; };
		980FF2C42BEF822C004722FC /* Info.plist */ = {isa = PBXFileReference; lastKnownFileType = text.plist.xml; path = Info.plist; sourceTree = "<group>"; };
		98ABBD9A2BFD044300F11D46 /* ViewController2.swift */ = {isa = PBXFileReference; lastKnownFileType = sourcecode.swift; path = ViewController2.swift; sourceTree = "<group>"; };
/* End PBXFileReference section */

/* Begin PBXFrameworksBuildPhase section */
		980FF2B02BEF8229004722FC /* Frameworks */ = {
			isa = PBXFrameworksBuildPhase;
			buildActionMask = 2147483647;
			files = (
				98DC49852BF293A200F90B0F /* EstimoteUWB.xcframework in Frameworks */,
			);
			runOnlyForDeploymentPostprocessing = 0;
		};
/* End PBXFrameworksBuildPhase section */

/* Begin PBXGroup section */
		980FF2AA2BEF8229004722FC = {
			isa = PBXGroup;
			children = (
				98011A9E2BF10165006C83B1 /* EstimoteUWB.xcframework */,
				980FF2B52BEF8229004722FC /* BeaconBox */,
				980FF2B42BEF8229004722FC /* Products */,
			);
			sourceTree = "<group>";
		};
		980FF2B42BEF8229004722FC /* Products */ = {
			isa = PBXGroup;
			children = (
				980FF2B32BEF8229004722FC /* BeaconBox.app */,
			);
			name = Products;
			sourceTree = "<group>";
		};
		980FF2B52BEF8229004722FC /* BeaconBox */ = {
			isa = PBXGroup;
			children = (
				980FF2B62BEF8229004722FC /* AppDelegate.swift */,
				980FF2B82BEF8229004722FC /* SceneDelegate.swift */,
				980FF2BA2BEF8229004722FC /* ViewController.swift */,
				980FF2BC2BEF8229004722FC /* Main.storyboard */,
				980FF2BF2BEF822C004722FC /* Assets.xcassets */,
				980FF2C12BEF822C004722FC /* LaunchScreen.storyboard */,
				980FF2C42BEF822C004722FC /* Info.plist */,
				98ABBD9A2BFD044300F11D46 /* ViewController2.swift */,
			);
			path = BeaconBox;
			sourceTree = "<group>";
		};
/* End PBXGroup section */

/* Begin PBXNativeTarget section */
		980FF2B22BEF8229004722FC /* BeaconBox */ = {
			isa = PBXNativeTarget;
			buildConfigurationList = 980FF2C72BEF822C004722FC /* Build configuration list for PBXNativeTarget "BeaconBox" */;
			buildPhases = (
				980FF2AF2BEF8229004722FC /* Sources */,
				980FF2B02BEF8229004722FC /* Frameworks */,
				980FF2B12BEF8229004722FC /* Resources */,
				98011A962BF100B1006C83B1 /* Embed Frameworks */,
			);
			buildRules = (
			);
			dependencies = (
			);
			name = BeaconBox;
			productName = BeaconBox;
			productReference = 980FF2B32BEF8229004722FC /* BeaconBox.app */;
			productType = "com.apple.product-type.application";
		};
/* End PBXNativeTarget section */

/* Begin PBXProject section */
		980FF2AB2BEF8229004722FC /* Project object */ = {
			isa = PBXProject;
			attributes = {
				BuildIndependentTargetsInParallel = 1;
				LastSwiftUpdateCheck = 1520;
				LastUpgradeCheck = 1520;
				TargetAttributes = {
					980FF2B22BEF8229004722FC = {
						CreatedOnToolsVersion = 15.2;
					};
				};
			};
			buildConfigurationList = 980FF2AE2BEF8229004722FC /* Build configuration list for PBXProject "BeaconBox" */;
			compatibilityVersion = "Xcode 14.0";
			developmentRegion = en;
			hasScannedForEncodings = 0;
			knownRegions = (
				en,
				Base,
			);
			mainGroup = 980FF2AA2BEF8229004722FC;
			packageReferences = (
				980FF2CA2BEF8B31004722FC /* XCRemoteSwiftPackageReference "iOS-Proximity-SDK" */,
				98011A782BF0FBC8006C83B1 /* XCRemoteSwiftPackageReference "iOS-Estimote-UWB-SDK" */,
			);
			productRefGroup = 980FF2B42BEF8229004722FC /* Products */;
			projectDirPath = "";
			projectRoot = "";
			targets = (
				980FF2B22BEF8229004722FC /* BeaconBox */,
			);
		};
/* End PBXProject section */

/* Begin PBXResourcesBuildPhase section */
		980FF2B12BEF8229004722FC /* Resources */ = {
			isa = PBXResourcesBuildPhase;
			buildActionMask = 2147483647;
			files = (
				980FF2C32BEF822C004722FC /* LaunchScreen.storyboard in Resources */,
				980FF2C02BEF822C004722FC /* Assets.xcassets in Resources */,
				980FF2BE2BEF8229004722FC /* Main.storyboard in Resources */,
			);
			runOnlyForDeploymentPostprocessing = 0;
		};
/* End PBXResourcesBuildPhase section */

/* Begin PBXSourcesBuildPhase section */
		980FF2AF2BEF8229004722FC /* Sources */ = {
			isa = PBXSourcesBuildPhase;
			buildActionMask = 2147483647;
			files = (
				980FF2BB2BEF8229004722FC /* ViewController.swift in Sources */,
				98ABBD9B2BFD044300F11D46 /* ViewController2.swift in Sources */,
				980FF2B72BEF8229004722FC /* AppDelegate.swift in Sources */,
				980FF2B92BEF8229004722FC /* SceneDelegate.swift in Sources */,
			);
			runOnlyForDeploymentPostprocessing = 0;
		};
/* End PBXSourcesBuildPhase section */

/* Begin PBXVariantGroup section */
		980FF2BC2BEF8229004722FC /* Main.storyboard */ = {
			isa = PBXVariantGroup;
			children = (
				980FF2BD2BEF8229004722FC /* Base */,
			);
			name = Main.storyboard;
			sourceTree = "<group>";
		};
		980FF2C12BEF822C004722FC /* LaunchScreen.storyboard */ = {
			isa = PBXVariantGroup;
			children = (
				980FF2C22BEF822C004722FC /* Base */,
			);
			name = LaunchScreen.storyboard;
			sourceTree = "<group>";
		};
/* End PBXVariantGroup section */

/* Begin XCBuildConfiguration section */
		980FF2C52BEF822C004722FC /* Debug */ = {
			isa = XCBuildConfiguration;
			buildSettings = {
				ALWAYS_SEARCH_USER_PATHS = NO;
				ASSETCATALOG_COMPILER_GENERATE_SWIFT_ASSET_SYMBOL_EXTENSIONS = YES;
				CLANG_ANALYZER_NONNULL = YES;
				CLANG_ANALYZER_NUMBER_OBJECT_CONVERSION = YES_AGGRESSIVE;
				CLANG_CXX_LANGUAGE_STANDARD = "gnu++20";
				CLANG_ENABLE_MODULES = YES;
				CLANG_ENABLE_OBJC_ARC = YES;
				CLANG_ENABLE_OBJC_WEAK = YES;
				CLANG_WARN_BLOCK_CAPTURE_AUTORELEASING = YES;
				CLANG_WARN_BOOL_CONVERSION = YES;
				CLANG_WARN_COMMA = YES;
				CLANG_WARN_CONSTANT_CONVERSION = YES;
				CLANG_WARN_DEPRECATED_OBJC_IMPLEMENTATIONS = YES;
				CLANG_WARN_DIRECT_OBJC_ISA_USAGE = YES_ERROR;
				CLANG_WARN_DOCUMENTATION_COMMENTS = YES;
				CLANG_WARN_EMPTY_BODY = YES;
				CLANG_WARN_ENUM_CONVERSION = YES;
				CLANG_WARN_INFINITE_RECURSION = YES;
				CLANG_WARN_INT_CONVERSION = YES;
				CLANG_WARN_NON_LITERAL_NULL_CONVERSION = YES;
				CLANG_WARN_OBJC_IMPLICIT_RETAIN_SELF = YES;
				CLANG_WARN_OBJC_LITERAL_CONVERSION = YES;
				CLANG_WARN_OBJC_ROOT_CLASS = YES_ERROR;
				CLANG_WARN_QUOTED_INCLUDE_IN_FRAMEWORK_HEADER = YES;
				CLANG_WARN_RANGE_LOOP_ANALYSIS = YES;
				CLANG_WARN_STRICT_PROTOTYPES = YES;
				CLANG_WARN_SUSPICIOUS_MOVE = YES;
				CLANG_WARN_UNGUARDED_AVAILABILITY = YES_AGGRESSIVE;
				CLANG_WARN_UNREACHABLE_CODE = YES;
				CLANG_WARN__DUPLICATE_METHOD_MATCH = YES;
				COPY_PHASE_STRIP = NO;
				DEBUG_INFORMATION_FORMAT = dwarf;
				ENABLE_STRICT_OBJC_MSGSEND = YES;
				ENABLE_TESTABILITY = YES;
				ENABLE_USER_SCRIPT_SANDBOXING = YES;
				GCC_C_LANGUAGE_STANDARD = gnu17;
				GCC_DYNAMIC_NO_PIC = NO;
				GCC_NO_COMMON_BLOCKS = YES;
				GCC_OPTIMIZATION_LEVEL = 0;
				GCC_PREPROCESSOR_DEFINITIONS = (
					"DEBUG=1",
					"$(inherited)",
				);
				GCC_WARN_64_TO_32_BIT_CONVERSION = YES;
				GCC_WARN_ABOUT_RETURN_TYPE = YES_ERROR;
				GCC_WARN_UNDECLARED_SELECTOR = YES;
				GCC_WARN_UNINITIALIZED_AUTOS = YES_AGGRESSIVE;
				GCC_WARN_UNUSED_FUNCTION = YES;
				GCC_WARN_UNUSED_VARIABLE = YES;
				IPHONEOS_DEPLOYMENT_TARGET = 17.2;
				LOCALIZATION_PREFERS_STRING_CATALOGS = YES;
				MTL_ENABLE_DEBUG_INFO = INCLUDE_SOURCE;
				MTL_FAST_MATH = YES;
				ONLY_ACTIVE_ARCH = YES;
				SDKROOT = iphoneos;
				SWIFT_ACTIVE_COMPILATION_CONDITIONS = "DEBUG $(inherited)";
				SWIFT_OPTIMIZATION_LEVEL = "-Onone";
			};
			name = Debug;
		};
		980FF2C62BEF822C004722FC /* Release */ = {
			isa = XCBuildConfiguration;
			buildSettings = {
				ALWAYS_SEARCH_USER_PATHS = NO;
				ASSETCATALOG_COMPILER_GENERATE_SWIFT_ASSET_SYMBOL_EXTENSIONS = YES;
				CLANG_ANALYZER_NONNULL = YES;
				CLANG_ANALYZER_NUMBER_OBJECT_CONVERSION = YES_AGGRESSIVE;
				CLANG_CXX_LANGUAGE_STANDARD = "gnu++20";
				CLANG_ENABLE_MODULES = YES;
				CLANG_ENABLE_OBJC_ARC = YES;
				CLANG_ENABLE_OBJC_WEAK = YES;
				CLANG_WARN_BLOCK_CAPTURE_AUTORELEASING = YES;
				CLANG_WARN_BOOL_CONVERSION = YES;
				CLANG_WARN_COMMA = YES;
				CLANG_WARN_CONSTANT_CONVERSION = YES;
				CLANG_WARN_DEPRECATED_OBJC_IMPLEMENTATIONS = YES;
				CLANG_WARN_DIRECT_OBJC_ISA_USAGE = YES_ERROR;
				CLANG_WARN_DOCUMENTATION_COMMENTS = YES;
				CLANG_WARN_EMPTY_BODY = YES;
				CLANG_WARN_ENUM_CONVERSION = YES;
				CLANG_WARN_INFINITE_RECURSION = YES;
				CLANG_WARN_INT_CONVERSION = YES;
				CLANG_WARN_NON_LITERAL_NULL_CONVERSION = YES;
				CLANG_WARN_OBJC_IMPLICIT_RETAIN_SELF = YES;
				CLANG_WARN_OBJC_LITERAL_CONVERSION = YES;
				CLANG_WARN_OBJC_ROOT_CLASS = YES_ERROR;
				CLANG_WARN_QUOTED_INCLUDE_IN_FRAMEWORK_HEADER = YES;
				CLANG_WARN_RANGE_LOOP_ANALYSIS = YES;
				CLANG_WARN_STRICT_PROTOTYPES = YES;
				CLANG_WARN_SUSPICIOUS_MOVE = YES;
				CLANG_WARN_UNGUARDED_AVAILABILITY = YES_AGGRESSIVE;
				CLANG_WARN_UNREACHABLE_CODE = YES;
				CLANG_WARN__DUPLICATE_METHOD_MATCH = YES;
				COPY_PHASE_STRIP = NO;
				DEBUG_INFORMATION_FORMAT = "dwarf-with-dsym";
				ENABLE_NS_ASSERTIONS = NO;
				ENABLE_STRICT_OBJC_MSGSEND = YES;
				ENABLE_USER_SCRIPT_SANDBOXING = YES;
				GCC_C_LANGUAGE_STANDARD = gnu17;
				GCC_NO_COMMON_BLOCKS = YES;
				GCC_WARN_64_TO_32_BIT_CONVERSION = YES;
				GCC_WARN_ABOUT_RETURN_TYPE = YES_ERROR;
				GCC_WARN_UNDECLARED_SELECTOR = YES;
				GCC_WARN_UNINITIALIZED_AUTOS = YES_AGGRESSIVE;
				GCC_WARN_UNUSED_FUNCTION = YES;
				GCC_WARN_UNUSED_VARIABLE = YES;
				IPHONEOS_DEPLOYMENT_TARGET = 17.2;
				LOCALIZATION_PREFERS_STRING_CATALOGS = YES;
				MTL_ENABLE_DEBUG_INFO = NO;
				MTL_FAST_MATH = YES;
				SDKROOT = iphoneos;
				SWIFT_COMPILATION_MODE = wholemodule;
				VALIDATE_PRODUCT = YES;
			};
			name = Release;
		};
		980FF2C82BEF822C004722FC /* Debug */ = {
			isa = XCBuildConfiguration;
			buildSettings = {
				ASSETCATALOG_COMPILER_APPICON_NAME = AppIcon;
				ASSETCATALOG_COMPILER_GLOBAL_ACCENT_COLOR_NAME = AccentColor;
				CODE_SIGN_STYLE = Automatic;
				CURRENT_PROJECT_VERSION = 1;
				DEVELOPMENT_TEAM = Y553VM8ZLK;
				GENERATE_INFOPLIST_FILE = YES;
				INFOPLIST_FILE = BeaconBox/Info.plist;
				INFOPLIST_KEY_UIApplicationSupportsIndirectInputEvents = YES;
				INFOPLIST_KEY_UILaunchStoryboardName = LaunchScreen;
				INFOPLIST_KEY_UIMainStoryboardFile = Main;
				INFOPLIST_KEY_UISupportedInterfaceOrientations_iPad = "UIInterfaceOrientationPortrait UIInterfaceOrientationPortraitUpsideDown UIInterfaceOrientationLandscapeLeft UIInterfaceOrientationLandscapeRight";
				INFOPLIST_KEY_UISupportedInterfaceOrientations_iPhone = "UIInterfaceOrientationPortrait UIInterfaceOrientationLandscapeLeft UIInterfaceOrientationLandscapeRight";
				LD_RUNPATH_SEARCH_PATHS = (
					"$(inherited)",
					"@executable_path/Frameworks",
				);
				MARKETING_VERSION = 1.0;
				PRODUCT_BUNDLE_IDENTIFIER = SzymonSkoczylas.BeaconBox;
				PRODUCT_NAME = "$(TARGET_NAME)";
				SWIFT_EMIT_LOC_STRINGS = YES;
				SWIFT_VERSION = 5.0;
				TARGETED_DEVICE_FAMILY = "1,2";
			};
			name = Debug;
		};
		980FF2C92BEF822C004722FC /* Release */ = {
			isa = XCBuildConfiguration;
			buildSettings = {
				ASSETCATALOG_COMPILER_APPICON_NAME = AppIcon;
				ASSETCATALOG_COMPILER_GLOBAL_ACCENT_COLOR_NAME = AccentColor;
				CODE_SIGN_STYLE = Automatic;
				CURRENT_PROJECT_VERSION = 1;
				DEVELOPMENT_TEAM = Y553VM8ZLK;
				GENERATE_INFOPLIST_FILE = YES;
				INFOPLIST_FILE = BeaconBox/Info.plist;
				INFOPLIST_KEY_UIApplicationSupportsIndirectInputEvents = YES;
				INFOPLIST_KEY_UILaunchStoryboardName = LaunchScreen;
				INFOPLIST_KEY_UIMainStoryboardFile = Main;
				INFOPLIST_KEY_UISupportedInterfaceOrientations_iPad = "UIInterfaceOrientationPortrait UIInterfaceOrientationPortraitUpsideDown UIInterfaceOrientationLandscapeLeft UIInterfaceOrientationLandscapeRight";
				INFOPLIST_KEY_UISupportedInterfaceOrientations_iPhone = "UIInterfaceOrientationPortrait UIInterfaceOrientationLandscapeLeft UIInterfaceOrientationLandscapeRight";
				LD_RUNPATH_SEARCH_PATHS = (
					"$(inherited)",
					"@executable_path/Frameworks",
				);
				MARKETING_VERSION = 1.0;
				PRODUCT_BUNDLE_IDENTIFIER = SzymonSkoczylas.BeaconBox;
				PRODUCT_NAME = "$(TARGET_NAME)";
				SWIFT_EMIT_LOC_STRINGS = YES;
				SWIFT_VERSION = 5.0;
				TARGETED_DEVICE_FAMILY = "1,2";
			};
			name = Release;
		};
/* End XCBuildConfiguration section */

/* Begin XCConfigurationList section */
		980FF2AE2BEF8229004722FC /* Build configuration list for PBXProject "BeaconBox" */ = {
			isa = XCConfigurationList;
			buildConfigurations = (
				980FF2C52BEF822C004722FC /* Debug */,
				980FF2C62BEF822C004722FC /* Release */,
			);
			defaultConfigurationIsVisible = 0;
			defaultConfigurationName = Release;
		};
		980FF2C72BEF822C004722FC /* Build configuration list for PBXNativeTarget "BeaconBox" */ = {
			isa = XCConfigurationList;
			buildConfigurations = (
				980FF2C82BEF822C004722FC /* Debug */,
				980FF2C92BEF822C004722FC /* Release */,
			);
			defaultConfigurationIsVisible = 0;
			defaultConfigurationName = Release;
		};
/* End XCConfigurationList section */

/* Begin XCRemoteSwiftPackageReference section */
		98011A782BF0FBC8006C83B1 /* XCRemoteSwiftPackageReference "iOS-Estimote-UWB-SDK" */ = {
			isa = XCRemoteSwiftPackageReference;
			repositoryURL = "https://github.com/Estimote/iOS-Estimote-UWB-SDK";
			requirement = {
				branch = master;
				kind = branch;
			};
		};
		980FF2CA2BEF8B31004722FC /* XCRemoteSwiftPackageReference "iOS-Proximity-SDK" */ = {
			isa = XCRemoteSwiftPackageReference;
			repositoryURL = "https://github.com/Estimote/iOS-Proximity-SDK";
			requirement = {
				kind = upToNextMajorVersion;
				minimumVersion = 1.2.1;
			};
		};
/* End XCRemoteSwiftPackageReference section */
	};
	rootObject = 980FF2AB2BEF8229004722FC /* Project object */;
}
